{
  "version": 4,
  "terraform_version": "1.11.4",
  "serial": 7,
  "lineage": "11cc120e-173c-d015-d0cf-f167e15fe2a0",
  "outputs": {},
  "resources": [
    {
      "mode": "managed",
      "type": "yandex_compute_instance",
      "name": "vm-0",
      "provider": "provider[\"registry.terraform.io/yandex-cloud/yandex\"]",
      "instances": [
        {
          "schema_version": 1,
          "attributes": {
            "allow_recreate": null,
            "allow_stopping_for_update": null,
            "boot_disk": [
              {
                "auto_delete": true,
                "device_name": "epdkpq0pok0b0h5mt5r9",
                "disk_id": "epdkpq0pok0b0h5mt5r9",
                "initialize_params": [
                  {
                    "block_size": 4096,
                    "description": "",
                    "image_id": "fd82re2tpfl4chaupeuf",
                    "name": "",
                    "size": 35,
                    "snapshot_id": "",
                    "type": "network-ssd"
                  }
                ],
                "mode": "READ_WRITE"
              }
            ],
            "created_at": "2025-05-02T08:04:32Z",
            "description": "",
            "filesystem": [],
            "folder_id": "b1g2e0bntrf4cfr29qsr",
            "fqdn": "epdl3tmmc8o1t2o8jofp.auto.internal",
            "gpu_cluster_id": "",
            "hostname": "",
            "id": "epdl3tmmc8o1t2o8jofp",
            "labels": null,
            "local_disk": [],
            "metadata": {
              "ssh-keys": "devops:ssh-rsa AAAAB3NzaC1yc2EAAAADAQABAAACAQDjOnbEKEaUVMhRvTOYalBABue1cSs9/FhhGNd3Tm4QV2/+2PYnskFXDAyKUImbl7DGWp9nN9JZYNKWpWFc2VagBIa5dRG0d7OgV70+XKWra8PoufABctkb7HcB+kacbhtZA7CEEG4h0p3UGc0N6bKrr3+d3z4Eds4UdKo/fhBKMZVQAq5pNhkgVI+1TlHyvkD8I4k7u6PArnIR782DeW7HpaIwY+uoW3S6gxQ9WaaSC+GcE3LipNUvWxgQd2DWXbTzcYE5YANKhronBSlM5u6lv+0jyrELiujfjJb4gweQrm/JM+BCKBawa6+/ayaj3lBbuhefrBpvO0MU997kpkPGyhmGFo60KQ/vf5YTgmRd1PRlZ9dWuScV0HW1keOJF7xZX2ZWKteibqyTSbESlDrHAFW9cGMxSZc1nBCGe2LhEjbKb4Db0XMSchHwhXGwSyOeMBHiC6HuGtZTnS4DVgvRQ/hzTUtkJvmP5xC+/SiH8YK4py8/0EqIOOEzNPse3NXaxee67BMbAXNyDEH2IJi2xw4y8F3m6cJ7Th9wTHZGnlFrMXjAeiBSJo+aP0b+b6l2DRAVDwHgcglnVbPoFywNLFcrrrTW0svB682ih7RijTxrBQNT7IoF7qIT88ntJ/ItJAra7UmOv4CXrNHTJoPIN32uYa6Speo5PtcahJW4Xw== devops@example.com\r\n",
              "user-data": "#cloud-config\r\ndatasource:\r\n Ec2:\r\n  strict_id: false\r\nssh_pwauth: no\r\nusers:\r\n- name: devops\r\n  sudo: ALL=(ALL) NOPASSWD:ALL\r\n  shell: /bin/bash\r\n  ssh_authorized_keys:\r\n  - ssh-rsa AAAAB3NzaC1yc2EAAAADAQABAAACAQDjOnbEKEaUVMhRvTOYalBABue1cSs9/FhhGNd3Tm4QV2/+2PYnskFXDAyKUImbl7DGWp9nN9JZYNKWpWFc2VagBIa5dRG0d7OgV70+XKWra8PoufABctkb7HcB+kacbhtZA7CEEG4h0p3UGc0N6bKrr3+d3z4Eds4UdKo/fhBKMZVQAq5pNhkgVI+1TlHyvkD8I4k7u6PArnIR782DeW7HpaIwY+uoW3S6gxQ9WaaSC+GcE3LipNUvWxgQd2DWXbTzcYE5YANKhronBSlM5u6lv+0jyrELiujfjJb4gweQrm/JM+BCKBawa6+/ayaj3lBbuhefrBpvO0MU997kpkPGyhmGFo60KQ/vf5YTgmRd1PRlZ9dWuScV0HW1keOJF7xZX2ZWKteibqyTSbESlDrHAFW9cGMxSZc1nBCGe2LhEjbKb4Db0XMSchHwhXGwSyOeMBHiC6HuGtZTnS4DVgvRQ/hzTUtkJvmP5xC+/SiH8YK4py8/0EqIOOEzNPse3NXaxee67BMbAXNyDEH2IJi2xw4y8F3m6cJ7Th9wTHZGnlFrMXjAeiBSJo+aP0b+b6l2DRAVDwHgcglnVbPoFywNLFcrrrTW0svB682ih7RijTxrBQNT7IoF7qIT88ntJ/ItJAra7UmOv4CXrNHTJoPIN32uYa6Speo5PtcahJW4Xw== devops@example.com\r\n\r\n\r\n\r\nruncmd:\r\n  - sudo apt update\r\n  - sudo apt install -y docker.io\r\n  - sudo apt install -y docker-compose\r\n  - sudo systemctl enable docker\r\n  - sudo systemctl start docker\r\n\r\n"
            },
            "metadata_options": [
              {
                "aws_v1_http_endpoint": 1,
                "aws_v1_http_token": 2,
                "gce_http_endpoint": 1,
                "gce_http_token": 1
              }
            ],
            "name": "docker-server",
            "network_acceleration_type": "standard",
            "network_interface": [
              {
                "dns_record": [],
                "index": 0,
                "ip_address": "10.128.0.20",
                "ipv4": true,
                "ipv6": false,
                "ipv6_address": "",
                "ipv6_dns_record": [],
                "mac_address": "d0:0d:15:1f:6d:66",
                "nat": true,
                "nat_dns_record": [],
                "nat_ip_address": "51.250.96.177",
                "nat_ip_version": "IPV4",
                "security_group_ids": [],
                "subnet_id": "e2l84d0v6buvdb9goni6"
              }
            ],
            "placement_policy": [
              {
                "host_affinity_rules": [],
                "placement_group_id": ""
              }
            ],
            "platform_id": "standard-v1",
            "resources": [
              {
                "core_fraction": 20,
                "cores": 4,
                "gpus": 0,
                "memory": 6
              }
            ],
            "scheduling_policy": [
              {
                "preemptible": false
              }
            ],
            "secondary_disk": [],
            "service_account_id": "",
            "status": "running",
            "timeouts": null,
            "zone": "ru-central1-b"
          },
          "sensitive_attributes": [],
          "private": "eyJlMmJmYjczMC1lY2FhLTExZTYtOGY4OC0zNDM2M2JjN2M0YzAiOnsiY3JlYXRlIjozMDAwMDAwMDAwMDAsImRlbGV0ZSI6MzAwMDAwMDAwMDAwLCJ1cGRhdGUiOjMwMDAwMDAwMDAwMH0sInNjaGVtYV92ZXJzaW9uIjoiMSJ9"
        }
      ]
    }
  ],
  "check_results": null
}
